
Microsoft Visual Studio Solution File, Format Version 12.00
# Visual Studio Version 16
VisualStudioVersion = 16.0.29215.179
MinimumVisualStudioVersion = 10.0.40219.1
Project("{9A19103F-16F7-4668-BE54-9A1E7A4F7556}") = "Fido2IdentityServer", "Fido2\Fido2IdentityServer.csproj", "{8588202E-55FB-44CA-AE68-8331160C0622}"
EndProject
Project("{9A19103F-16F7-4668-BE54-9A1E7A4F7556}") = "Fido2IdentityServer.Identity", "Fido2.Identity\Fido2IdentityServer.Identity.csproj", "{20BDE6E3-F4A0-4423-9F35-EA849E4396D4}"
EndProject
Global
	GlobalSection(SolutionConfigurationPlatforms) = preSolution
		Debug|Any CPU = Debug|Any CPU
		Release|Any CPU = Release|Any CPU
	EndGlobalSection
	GlobalSection(ProjectConfigurationPlatforms) = postSolution
		{8588202E-55FB-44CA-AE68-8331160C0622}.Debug|Any CPU.ActiveCfg = Debug|Any CPU
		{8588202E-55FB-44CA-AE68-8331160C0622}.Debug|Any CPU.Build.0 = Debug|Any CPU
		{8588202E-55FB-44CA-AE68-8331160C0622}.Release|Any CPU.ActiveCfg = Release|Any CPU
		{8588202E-55FB-44CA-AE68-8331160C0622}.Release|Any CPU.Build.0 = Release|Any CPU
		{20BDE6E3-F4A0-4423-9F35-EA849E4396D4}.Debug|Any CPU.ActiveCfg = Debug|Any CPU
		{20BDE6E3-F4A0-4423-9F35-EA849E4396D4}.Debug|Any CPU.Build.0 = Debug|Any CPU
		{20BDE6E3-F4A0-4423-9F35-EA849E4396D4}.Release|Any CPU.ActiveCfg = Release|Any CPU
		{20BDE6E3-F4A0-4423-9F35-EA849E4396D4}.Release|Any CPU.Build.0 = Release|Any CPU
	EndGlobalSection
	GlobalSection(SolutionProperties) = preSolution
		HideSolutionNode = FALSE
	EndGlobalSection
	GlobalSection(ExtensibilityGlobals) = postSolution
		SolutionGuid = {8103DB66-E1F8-4A1B-8B2B-C64D6363890A}
	EndGlobalSection
EndGlobal
